
Microsoft Visual Studio Solution File, Format Version 12.00
# Visual Studio Version 16
VisualStudioVersion = 16.0.30204.135
MinimumVisualStudioVersion = 10.0.40219.1
Project("{FAE04EC0-301F-11D3-BF4B-00C04F79EFBC}") = "Business_Rules_Engine_Console_Test", "Business_Rules_Engine_Console_Test.csproj", "{0DCF7E24-1C93-4E83-B4B2-60EFB370B38B}"
EndProject
Global
	GlobalSection(SolutionConfigurationPlatforms) = preSolution
		Debug|Any CPU = Debug|Any CPU
		Release|Any CPU = Release|Any CPU
	EndGlobalSection
	GlobalSection(ProjectConfigurationPlatforms) = postSolution
		{0DCF7E24-1C93-4E83-B4B2-60EFB370B38B}.Debug|Any CPU.ActiveCfg = Debug|Any CPU
		{0DCF7E24-1C93-4E83-B4B2-60EFB370B38B}.Debug|Any CPU.Build.0 = Debug|Any CPU
		{0DCF7E24-1C93-4E83-B4B2-60EFB370B38B}.Release|Any CPU.ActiveCfg = Release|Any CPU
		{0DCF7E24-1C93-4E83-B4B2-60EFB370B38B}.Release|Any CPU.Build.0 = Release|Any CPU
	EndGlobalSection
	GlobalSection(SolutionProperties) = preSolution
		HideSolutionNode = FALSE
	EndGlobalSection
	GlobalSection(ExtensibilityGlobals) = postSolution
		SolutionGuid = {C319F7BF-487F-43F5-B353-747DD5867D8C}
	EndGlobalSection
EndGlobal
